
Microsoft Visual Studio Solution File, Format Version 12.00
# Visual Studio Version 17
VisualStudioVersion = 17.13.35828.75
MinimumVisualStudioVersion = 10.0.40219.1
Project("{FAE04EC0-301F-11D3-BF4B-00C04F79EFBC}") = "Slip and press casting", "Slip and press casting\Slip and press casting.csproj", "{19186F89-44BB-45BE-BC04-F31C2C6F2F4B}"
EndProject
Global
	GlobalSection(SolutionConfigurationPlatforms) = preSolution
		Debug|Any CPU = Debug|Any CPU
		Release|Any CPU = Release|Any CPU
	EndGlobalSection
	GlobalSection(ProjectConfigurationPlatforms) = postSolution
		{19186F89-44BB-45BE-BC04-F31C2C6F2F4B}.Debug|Any CPU.ActiveCfg = Debug|Any CPU
		{19186F89-44BB-45BE-BC04-F31C2C6F2F4B}.Debug|Any CPU.Build.0 = Debug|Any CPU
		{19186F89-44BB-45BE-BC04-F31C2C6F2F4B}.Release|Any CPU.ActiveCfg = Release|Any CPU
		{19186F89-44BB-45BE-BC04-F31C2C6F2F4B}.Release|Any CPU.Build.0 = Release|Any CPU
	EndGlobalSection
	GlobalSection(SolutionProperties) = preSolution
		HideSolutionNode = FALSE
	EndGlobalSection
	GlobalSection(ExtensibilityGlobals) = postSolution
		SolutionGuid = {F54609D8-F81E-4129-817C-22E70260CDC7}
	EndGlobalSection
EndGlobal
